{"filter":false,"title":"Gemfile.lock","tooltip":"/Gemfile.lock","undoManager":{"mark":0,"position":0,"stack":[[{"start":{"row":106,"column":5},"end":{"row":107,"column":5},"action":"insert","lines":["g (0.21.0)","    p"],"id":2},{"start":{"row":130,"column":20},"end":{"row":135,"column":31},"action":"insert","lines":[")","    rails_12factor (0.0.3)","      rails_serve_static_assets","      rails_stdout_logging","    rails_serve_static_assets (0.0.5)","    rails_stdout_logging (0.0.5"]},{"start":{"row":208,"column":3},"end":{"row":209,"column":3},"action":"insert","lines":["g (~> 0.21)","  p"]},{"start":{"row":210,"column":18},"end":{"row":211,"column":16},"action":"insert","lines":["","  rails_12factor"]}]]},"ace":{"folds":[],"scrolltop":0,"scrollleft":0,"selection":{"start":{"row":3,"column":23},"end":{"row":3,"column":23},"isBackwards":false},"options":{"guessTabSize":true,"useWrapMode":false,"wrapToView":true},"firstLineState":{"row":35,"state":"start","mode":"ace/mode/text"}},"timestamp":1619464837859,"hash":"f9f38015e8191bab013036f98cae1f8c9cc49a3b"}